
Microsoft Visual Studio Solution File, Format Version 12.00
# Visual Studio 15
VisualStudioVersion = 15.0.27428.2005
MinimumVisualStudioVersion = 10.0.40219.1
Project("{FAE04EC0-301F-11D3-BF4B-00C04F79EFBC}") = "JenkinsTest", "JenkinsTest\JenkinsTest.csproj", "{AC6FEBD4-D08F-43DA-B829-61B8CE8CE548}"
EndProject
Global
	GlobalSection(SolutionConfigurationPlatforms) = preSolution
		Debug|Any CPU = Debug|Any CPU
		Release|Any CPU = Release|Any CPU
	EndGlobalSection
	GlobalSection(ProjectConfigurationPlatforms) = postSolution
		{AC6FEBD4-D08F-43DA-B829-61B8CE8CE548}.Debug|Any CPU.ActiveCfg = Debug|Any CPU
		{AC6FEBD4-D08F-43DA-B829-61B8CE8CE548}.Debug|Any CPU.Build.0 = Debug|Any CPU
		{AC6FEBD4-D08F-43DA-B829-61B8CE8CE548}.Release|Any CPU.ActiveCfg = Release|Any CPU
		{AC6FEBD4-D08F-43DA-B829-61B8CE8CE548}.Release|Any CPU.Build.0 = Release|Any CPU
	EndGlobalSection
	GlobalSection(SolutionProperties) = preSolution
		HideSolutionNode = FALSE
	EndGlobalSection
	GlobalSection(ExtensibilityGlobals) = postSolution
		SolutionGuid = {E69ECFFA-2C18-48D9-9FDA-FE7F80808C63}
	EndGlobalSection
EndGlobal
